
Microsoft Visual Studio Solution File, Format Version 12.00
# Visual Studio 15
Project("{FAE04EC0-301F-11D3-BF4B-00C04F79EFBC}") = "Assembly-CSharp", "Assembly-CSharp.csproj", "{F992B531-7496-6467-727F-EF9AB12DB6E8}"
EndProject
Project("{FAE04EC0-301F-11D3-BF4B-00C04F79EFBC}") = "Assembly-CSharp-Editor", "Assembly-CSharp-Editor.csproj", "{19C983FF-7D2C-7999-F73B-7E6302792FE6}"
EndProject
Project("{FAE04EC0-301F-11D3-BF4B-00C04F79EFBC}") = "Unity.XR.Interaction.Toolkit.Samples.StarterAssets.Editor", "Unity.XR.Interaction.Toolkit.Samples.StarterAssets.Editor.csproj", "{4ED450E1-0ECF-6307-2D4E-F61629C595F3}"
EndProject
Project("{FAE04EC0-301F-11D3-BF4B-00C04F79EFBC}") = "Unity.XR.Interaction.Toolkit.Samples.StarterAssets", "Unity.XR.Interaction.Toolkit.Samples.StarterAssets.csproj", "{CF306114-1623-D149-D20E-29B82AF7733A}"
EndProject
Global
	GlobalSection(SolutionConfigurationPlatforms) = preSolution
		Debug|Any CPU = Debug|Any CPU
		Release|Any CPU = Release|Any CPU
	EndGlobalSection
	GlobalSection(ProjectConfigurationPlatforms) = postSolution
		{F992B531-7496-6467-727F-EF9AB12DB6E8}.Debug|Any CPU.ActiveCfg = Debug|Any CPU
		{F992B531-7496-6467-727F-EF9AB12DB6E8}.Debug|Any CPU.Build.0 = Debug|Any CPU
		{F992B531-7496-6467-727F-EF9AB12DB6E8}.Release|Any CPU.ActiveCfg = Release|Any CPU
		{F992B531-7496-6467-727F-EF9AB12DB6E8}.Release|Any CPU.Build.0 = Release|Any CPU
		{19C983FF-7D2C-7999-F73B-7E6302792FE6}.Debug|Any CPU.ActiveCfg = Debug|Any CPU
		{19C983FF-7D2C-7999-F73B-7E6302792FE6}.Debug|Any CPU.Build.0 = Debug|Any CPU
		{19C983FF-7D2C-7999-F73B-7E6302792FE6}.Release|Any CPU.ActiveCfg = Release|Any CPU
		{19C983FF-7D2C-7999-F73B-7E6302792FE6}.Release|Any CPU.Build.0 = Release|Any CPU
		{4ED450E1-0ECF-6307-2D4E-F61629C595F3}.Debug|Any CPU.ActiveCfg = Debug|Any CPU
		{4ED450E1-0ECF-6307-2D4E-F61629C595F3}.Debug|Any CPU.Build.0 = Debug|Any CPU
		{4ED450E1-0ECF-6307-2D4E-F61629C595F3}.Release|Any CPU.ActiveCfg = Release|Any CPU
		{4ED450E1-0ECF-6307-2D4E-F61629C595F3}.Release|Any CPU.Build.0 = Release|Any CPU
		{CF306114-1623-D149-D20E-29B82AF7733A}.Debug|Any CPU.ActiveCfg = Debug|Any CPU
		{CF306114-1623-D149-D20E-29B82AF7733A}.Debug|Any CPU.Build.0 = Debug|Any CPU
		{CF306114-1623-D149-D20E-29B82AF7733A}.Release|Any CPU.ActiveCfg = Release|Any CPU
		{CF306114-1623-D149-D20E-29B82AF7733A}.Release|Any CPU.Build.0 = Release|Any CPU
	EndGlobalSection
	GlobalSection(SolutionProperties) = preSolution
		HideSolutionNode = FALSE
	EndGlobalSection
EndGlobal
